%{"bbmustache": {:hex, :bbmustache, "1.0.4", "7ba94f971c5afd7b6617918a4bb74705e36cab36eb84b19b6a1b7ee06427aa38", [:rebar], [], "hexpm"},
  "bunt": {:hex, :bunt, "0.2.0", "951c6e801e8b1d2cbe58ebbd3e616a869061ddadcc4863d0a2182541acae9a38", [:mix], [], "hexpm"},
  "calliope": {:hex, :calliope, "0.4.1", "8b7034343d247199bcf267a6e07ea296dc99ac1e90413c197114c8df0fa0b436", [:mix], [], "hexpm"},
  "certifi": {:hex, :certifi, "1.2.1", "c3904f192bd5284e5b13f20db3ceac9626e14eeacfbb492e19583cf0e37b22be", [:rebar3], [], "hexpm"},
  "cf": {:hex, :cf, "0.2.1", "69d0b1349fd4d7d4dc55b7f407d29d7a840bf9a1ef5af529f1ebe0ce153fc2ab", [:rebar3], [], "hexpm"},
  "cowboy": {:git, "https://github.com/ninenines/cowboy.git", "73b4eb94ff8c5bf98b3e2faae22ee207c234bb38", [ref: "73b4eb94ff8c5bf98b3e2faae22ee207c234bb38"]},
  "cowlib": {:git, "https://github.com/ninenines/cowlib.git", "15750e632d9886eb9bfc876ba03402464b8facb3", [ref: "15750e632d9886eb9bfc876ba03402464b8facb3"]},
  "credo": {:hex, :credo, "0.8.1", "137efcc99b4bc507c958ba9b5dff70149e971250813cbe7d4537ec7e36997402", [:mix], [{:bunt, "~> 0.2.0", [hex: :bunt, repo: "hexpm", optional: false]}], "hexpm"},
  "croma": {:hex, :croma, "0.6.2", "f74ed79db6ea5bf53d9c2fce9757e6c36527426e66d195605e879375f7014738", [:mix], [], "hexpm"},
  "dialyze": {:hex, :dialyze, "0.2.1", "9fb71767f96649020d769db7cbd7290059daff23707d6e851e206b1fdfa92f9d", [:mix], [], "hexpm"},
  "dodai_client_elixir": {:git, "git@github.com:access-company/DodaiClientElixir.git", "15aa35d7aa0c410ee827687c44a5608777ca4fb4", [ref: "15aa35d7aa0c410ee827687c44a5608777ca4fb4"]},
  "earmark": {:hex, :earmark, "1.2.2", "f718159d6b65068e8daeef709ccddae5f7fdc770707d82e7d126f584cd925b74", [:mix], [], "hexpm"},
  "erlware_commons": {:hex, :erlware_commons, "0.21.0", "a04433071ad7d112edefc75ac77719dd3e6753e697ac09428fc83d7564b80b15", [:rebar3], [{:cf, "0.2.1", [hex: :cf, repo: "hexpm", optional: false]}], "hexpm"},
  "ex_doc": {:hex, :ex_doc, "0.16.1", "b4b8a23602b4ce0e9a5a960a81260d1f7b29635b9652c67e95b0c2f7ccee5e81", [:mix], [{:earmark, "~> 1.1", [hex: :earmark, repo: "hexpm", optional: false]}], "hexpm"},
  "ex_json_schema": {:hex, :ex_json_schema, "0.5.5", "d8d4c3f47b86c9e634e124d518b290dda82a8b94dcc314e45af10042fc369361", [:mix], [], "hexpm"},
  "excheck": {:hex, :excheck, "0.5.3", "7326a29cc5fdb6900e66dac205a6a70cc994e2fe037d39136817d7dab13cdabf", [:mix], [], "hexpm"},
  "excoveralls": {:hex, :excoveralls, "0.7.0", "05cb3332c2b0f799df3ab90eb7df1ae5a147c86776e91792848a12b7ed87242f", [:mix], [{:exjsx, ">= 3.0.0", [hex: :exjsx, repo: "hexpm", optional: false]}, {:hackney, ">= 0.12.0", [hex: :hackney, repo: "hexpm", optional: false]}], "hexpm"},
  "exfswatch": {:hex, :exfswatch, "0.4.2", "d88a63b5c2f8f040230d22010588ff73286fd1aef32564115afa3051eaa4391d", [:mix], [], "hexpm"},
  "exjsx": {:hex, :exjsx, "4.0.0", "60548841e0212df401e38e63c0078ec57b33e7ea49b032c796ccad8cde794b5c", [:mix], [{:jsx, "~> 2.8.0", [hex: :jsx, repo: "hexpm", optional: false]}], "hexpm"},
  "exprintf": {:hex, :exprintf, "0.2.1", "b7e895dfb00520cfb7fc1671303b63b37dc3897c59be7cbf1ae62f766a8a0314", [:mix], [], "hexpm"},
  "exsync": {:hex, :exsync, "0.1.4", "f5800f5c3137271bf7c0f5ca623919434f91798e1be1b9d50fc2c59168d44f17", [:mix], [{:exfswatch, "~> 0.4", [hex: :exfswatch, repo: "hexpm", optional: false]}], "hexpm"},
  "fs": {:hex, :fs, "2.12.0", "ad631efacc9a5683c8eaa1b274e24fa64a1b8eb30747e9595b93bec7e492e25e", [:rebar3], [], "hexpm"},
  "getopt": {:hex, :getopt, "0.8.2", "b17556db683000ba50370b16c0619df1337e7af7ecbf7d64fbf8d1d6bce3109b", [:rebar], [], "hexpm"},
  "gettext": {:hex, :gettext, "0.13.1", "5e0daf4e7636d771c4c71ad5f3f53ba09a9ae5c250e1ab9c42ba9edccc476263", [:mix], [], "hexpm"},
  "hackney": {:hex, :hackney, "1.8.6", "21a725db3569b3fb11a6af17d5c5f654052ce9624219f1317e8639183de4a423", [:rebar3], [{:certifi, "1.2.1", [hex: :certifi, repo: "hexpm", optional: false]}, {:idna, "5.0.2", [hex: :idna, repo: "hexpm", optional: false]}, {:metrics, "1.0.1", [hex: :metrics, repo: "hexpm", optional: false]}, {:mimerl, "1.0.2", [hex: :mimerl, repo: "hexpm", optional: false]}, {:ssl_verify_fun, "1.1.1", [hex: :ssl_verify_fun, repo: "hexpm", optional: false]}], "hexpm"},
  "iconv": {:hex, :iconv, "1.0.5", "ae871aa11c854695db37e48fd5e5583b02e106126fbdf21bb53448f5a47c092b", [:rebar3], [{:p1_utils, "1.0.9", [hex: :p1_utils, repo: "hexpm", optional: false]}], "hexpm"},
  "idna": {:hex, :idna, "5.0.2", "ac203208ada855d95dc591a764b6e87259cb0e2a364218f215ad662daa8cd6b4", [:rebar3], [{:unicode_util_compat, "0.2.0", [hex: :unicode_util_compat, repo: "hexpm", optional: false]}], "hexpm"},
  "jsx": {:hex, :jsx, "2.8.2", "7acc7d785b5abe8a6e9adbde926a24e481f29956dd8b4df49e3e4e7bcc92a018", [:mix, :rebar3], [], "hexpm"},
  "meck": {:hex, :meck, "0.8.4", "59ca1cd971372aa223138efcf9b29475bde299e1953046a0c727184790ab1520", [:make, :rebar], [], "hexpm"},
  "metrics": {:hex, :metrics, "1.0.1", "25f094dea2cda98213cecc3aeff09e940299d950904393b2a29d191c346a8486", [:rebar3], [], "hexpm"},
  "mimerl": {:hex, :mimerl, "1.0.2", "993f9b0e084083405ed8252b99460c4f0563e41729ab42d9074fd5e52439be88", [:rebar3], [], "hexpm"},
  "mimetype_parser": {:hex, :mimetype_parser, "0.1.2", "221d2d3f727e89d80de5e1610fc2ce444514aa56f873da1b8fc9c033143e5d6a", [:mix], []},
  "mix_test_watch": {:hex, :mix_test_watch, "0.4.0", "7e44b681b0238999d4c39b5beed77b4ac45aef1c112a763aae414bdb5bc34523", [:mix], [{:fs, "~> 2.12", [hex: :fs, repo: "hexpm", optional: false]}], "hexpm"},
  "oauth2": {:hex, :oauth2, "0.9.1", "cac86d87f35ec835bfe4c791263bdb88c0d8bf1617d64f555ede4e9d913e35ef", [:mix], [{:hackney, "~> 1.7", [hex: :hackney, repo: "hexpm", optional: false]}], "hexpm"},
  "p1_utils": {:hex, :p1_utils, "1.0.9", "c33c230efbeb4dcc02911161e3cb1a93231a92df15e3fc97de655a9271a26d9f", [:rebar3], [], "hexpm"},
  "pbkdf2": {:hex, :pbkdf2, "2.0.0", "11c23279fded5c0027ab3996cfae77805521d7ef4babde2bd7ec04a9086cf499", [:rebar3], [], "hexpm"},
  "poison": {:hex, :poison, "2.2.0", "4763b69a8a77bd77d26f477d196428b741261a761257ff1cf92753a0d4d24a63", [:mix], [], "hexpm"},
  "pool_sup": {:hex, :pool_sup, "0.3.1", "997a0cdcd735a576389452adbc2da5eeb8386c68a07284469c75025c51a643b4", [:mix], [{:croma, "~> 0.4", [hex: :croma, repo: "hexpm", optional: false]}], "hexpm"},
  "providers": {:hex, :providers, "1.6.0", "db0e2f9043ae60c0155205fcd238d68516331d0e5146155e33d1e79dc452964a", [:rebar3], [{:getopt, "0.8.2", [hex: :getopt, repo: "hexpm", optional: false]}], "hexpm"},
  "raft_fleet": {:hex, :raft_fleet, "0.1.16", "070764122d368f9484ae3736a4f16dee0a37118e08cef206fe70cb7c8c5d1ba2", [:mix], [{:croma, "~> 0.4", [hex: :croma, repo: "hexpm", optional: false]}, {:rafted_value, "~> 0.1", [hex: :rafted_value, repo: "hexpm", optional: false]}], "hexpm"},
  "rafted_value": {:hex, :rafted_value, "0.2.0", "a624629770524a87936b66379cf8eef26ae47ba793e7ddcde3318e5e9dd540af", [:mix], [{:croma, "~> 0.6", [hex: :croma, repo: "hexpm", optional: false]}], "hexpm"},
  "ranch": {:git, "https://github.com/ninenines/ranch.git", "a004ad710eddd0c21aaccc30d5633a76b06164b5", [ref: "a004ad710eddd0c21aaccc30d5633a76b06164b5"]},
  "recon": {:hex, :recon, "2.3.2", "4444c879be323b1b133eec5241cb84bd3821ea194c740d75617e106be4744318", [:rebar3], [], "hexpm"},
  "relx": {:hex, :relx, "3.21.1", "f989dc520730efd9075e9f4debcb8ba1d7d1e86b018b0bcf45a2eb80270b4ad6", [:rebar3], [{:bbmustache, "1.0.4", [hex: :bbmustache, repo: "hexpm", optional: false]}, {:cf, "0.2.1", [hex: :cf, repo: "hexpm", optional: false]}, {:erlware_commons, "0.21.0", [hex: :erlware_commons, repo: "hexpm", optional: false]}, {:getopt, "0.8.2", [hex: :getopt, repo: "hexpm", optional: false]}, {:providers, "1.6.0", [hex: :providers, repo: "hexpm", optional: false]}], "hexpm"},
  "solomon": {:git, "git@github.com:access-company/solomon.git", "b211fbf67554143b382037d51c67f914838c4e5a", []},
  "ssl_verify_fun": {:hex, :ssl_verify_fun, "1.1.1", "28a4d65b7f59893bc2c7de786dec1e1555bd742d336043fe644ae956c3497fbe", [:make, :rebar], [], "hexpm"},
  "syn": {:hex, :syn, "1.6.1", "728a9c521b3815831259a98fdec9c74875612a4d2854e324dd1ec5ad6df4146e", [:rebar3], [], "hexpm"},
  "triq": {:git, "https://github.com/triqng/triq.git", "8dfe582451422839a99efb531dc1f618ced09b33", [ref: "8dfe582451422839a99efb531dc1f618ced09b33"]},
  "unicode_util_compat": {:hex, :unicode_util_compat, "0.2.0", "dbbccf6781821b1c0701845eaf966c9b6d83d7c3bfc65ca2b78b88b8678bfa35", [:rebar3], [], "hexpm"},
  "websocket_client": {:hex, :websocket_client, "1.2.4", "14ec1ca4b6d247b44ccd9a80af8f6ca98328070f6c1d52a5cb00bc9d939d63b8", [:rebar3], [], "hexpm"}}
