%{"bbmustache": {:hex, :bbmustache, "1.0.4", "7ba94f971c5afd7b6617918a4bb74705e36cab36eb84b19b6a1b7ee06427aa38", [:rebar], []},
  "bunt": {:hex, :bunt, "0.2.0", "951c6e801e8b1d2cbe58ebbd3e616a869061ddadcc4863d0a2182541acae9a38", [:mix], []},
  "calliope": {:hex, :calliope, "0.4.1", "8b7034343d247199bcf267a6e07ea296dc99ac1e90413c197114c8df0fa0b436", [:mix], []},
  "certifi": {:hex, :certifi, "0.7.0", "861a57f3808f7eb0c2d1802afeaae0fa5de813b0df0979153cbafcd853ababaf", [:rebar3], []},
  "cf": {:hex, :cf, "0.2.1", "69d0b1349fd4d7d4dc55b7f407d29d7a840bf9a1ef5af529f1ebe0ce153fc2ab", [:rebar3], []},
  "cowboy": {:git, "https://github.com/ninenines/cowboy.git", "73b4eb94ff8c5bf98b3e2faae22ee207c234bb38", [ref: "73b4eb94ff8c5bf98b3e2faae22ee207c234bb38"]},
  "cowlib": {:git, "https://github.com/ninenines/cowlib.git", "15750e632d9886eb9bfc876ba03402464b8facb3", [ref: "15750e632d9886eb9bfc876ba03402464b8facb3"]},
  "credo": {:hex, :credo, "0.8.0", "187ce36098afef67baa503d0bb3ec047953c88e4c662591371d15ae9ce150119", [:mix], [{:bunt, "~> 0.2.0", [hex: :bunt, optional: false]}]},
  "croma": {:hex, :croma, "0.6.2", "f74ed79db6ea5bf53d9c2fce9757e6c36527426e66d195605e879375f7014738", [:mix], []},
  "dialyze": {:hex, :dialyze, "0.2.1", "9fb71767f96649020d769db7cbd7290059daff23707d6e851e206b1fdfa92f9d", [:mix], []},
  "dodai_client_elixir": {:git, "git@github.com:access-company/DodaiClientElixir.git", "15aa35d7aa0c410ee827687c44a5608777ca4fb4", [ref: "15aa35d7aa0c410ee827687c44a5608777ca4fb4"]},
  "earmark": {:hex, :earmark, "1.2.2", "f718159d6b65068e8daeef709ccddae5f7fdc770707d82e7d126f584cd925b74", [:mix], []},
  "erlware_commons": {:hex, :erlware_commons, "0.21.0", "a04433071ad7d112edefc75ac77719dd3e6753e697ac09428fc83d7564b80b15", [:rebar3], [{:cf, "0.2.1", [hex: :cf, optional: false]}]},
  "ex_doc": {:hex, :ex_doc, "0.16.1", "b4b8a23602b4ce0e9a5a960a81260d1f7b29635b9652c67e95b0c2f7ccee5e81", [:mix], [{:earmark, "~> 1.1", [hex: :earmark, optional: false]}]},
  "ex_json_schema": {:hex, :ex_json_schema, "0.5.5", "d8d4c3f47b86c9e634e124d518b290dda82a8b94dcc314e45af10042fc369361", [:mix], []},
  "excheck": {:hex, :excheck, "0.5.3", "7326a29cc5fdb6900e66dac205a6a70cc994e2fe037d39136817d7dab13cdabf", [:mix], []},
  "excoveralls": {:hex, :excoveralls, "0.6.5", "2d3faf8fe40e77c980620f1344f6d3df2c43b18ab9c21a2c1781a898cc710184", [:mix], [{:exjsx, ">= 3.0.0", [hex: :exjsx, optional: false]}, {:hackney, ">= 0.12.0", [hex: :hackney, optional: false]}]},
  "exfswatch": {:hex, :exfswatch, "0.4.2", "d88a63b5c2f8f040230d22010588ff73286fd1aef32564115afa3051eaa4391d", [:mix], []},
  "exjsx": {:hex, :exjsx, "4.0.0", "60548841e0212df401e38e63c0078ec57b33e7ea49b032c796ccad8cde794b5c", [:mix], [{:jsx, "~> 2.8.0", [hex: :jsx, optional: false]}]},
  "exprintf": {:hex, :exprintf, "0.2.1", "b7e895dfb00520cfb7fc1671303b63b37dc3897c59be7cbf1ae62f766a8a0314", [:mix], []},
  "exsync": {:hex, :exsync, "0.1.4", "f5800f5c3137271bf7c0f5ca623919434f91798e1be1b9d50fc2c59168d44f17", [:mix], [{:exfswatch, "~> 0.4", [hex: :exfswatch, optional: false]}]},
  "fs": {:hex, :fs, "2.12.0", "ad631efacc9a5683c8eaa1b274e24fa64a1b8eb30747e9595b93bec7e492e25e", [:rebar3], []},
  "getopt": {:hex, :getopt, "0.8.2", "b17556db683000ba50370b16c0619df1337e7af7ecbf7d64fbf8d1d6bce3109b", [:rebar], []},
  "gettext": {:hex, :gettext, "0.13.1", "5e0daf4e7636d771c4c71ad5f3f53ba09a9ae5c250e1ab9c42ba9edccc476263", [:mix], []},
  "hackney": {:hex, :hackney, "1.6.5", "8c025ee397ac94a184b0743c73b33b96465e85f90a02e210e86df6cbafaa5065", [:rebar3], [{:certifi, "0.7.0", [hex: :certifi, optional: false]}, {:idna, "1.2.0", [hex: :idna, optional: false]}, {:metrics, "1.0.1", [hex: :metrics, optional: false]}, {:mimerl, "1.0.2", [hex: :mimerl, optional: false]}, {:ssl_verify_fun, "1.1.1", [hex: :ssl_verify_fun, optional: false]}]},
  "iconv": {:hex, :iconv, "1.0.4", "faa4ac6755567a2806c7bee2cf26fc318016794ffc25481f7230db5f9d025dd8", [:rebar3], [{:p1_utils, "1.0.7", [hex: :p1_utils, optional: false]}]},
  "idna": {:hex, :idna, "1.2.0", "ac62ee99da068f43c50dc69acf700e03a62a348360126260e87f2b54eced86b2", [:rebar3], []},
  "jsx": {:hex, :jsx, "2.8.2", "7acc7d785b5abe8a6e9adbde926a24e481f29956dd8b4df49e3e4e7bcc92a018", [:mix, :rebar3], []},
  "meck": {:hex, :meck, "0.8.4", "59ca1cd971372aa223138efcf9b29475bde299e1953046a0c727184790ab1520", [:make, :rebar], []},
  "metrics": {:hex, :metrics, "1.0.1", "25f094dea2cda98213cecc3aeff09e940299d950904393b2a29d191c346a8486", [:rebar3], []},
  "mimerl": {:hex, :mimerl, "1.0.2", "993f9b0e084083405ed8252b99460c4f0563e41729ab42d9074fd5e52439be88", [:rebar3], []},
  "mimetype_parser": {:hex, :mimetype_parser, "0.1.2", "221d2d3f727e89d80de5e1610fc2ce444514aa56f873da1b8fc9c033143e5d6a", [:mix], []},
  "mix_test_watch": {:hex, :mix_test_watch, "0.4.0", "7e44b681b0238999d4c39b5beed77b4ac45aef1c112a763aae414bdb5bc34523", [:mix], [{:fs, "~> 2.12", [hex: :fs, optional: false]}]},
  "oauth2": {:hex, :oauth2, "0.9.0", "74f1b7a57aa76dadf17b177d8c9bd1552874df392fe6fe541d0ec9e79d130019", [:mix], [{:hackney, "~> 1.6", [hex: :hackney, optional: false]}]},
  "p1_utils": {:hex, :p1_utils, "1.0.7", "030adbce8935f1b87aaedfdb037d3127cc671ee3e1904b394e6dde9e449d6979", [:rebar3], []},
  "pbkdf2": {:hex, :pbkdf2, "2.0.0", "11c23279fded5c0027ab3996cfae77805521d7ef4babde2bd7ec04a9086cf499", [:rebar3], []},
  "poison": {:hex, :poison, "2.2.0", "4763b69a8a77bd77d26f477d196428b741261a761257ff1cf92753a0d4d24a63", [:mix], []},
  "pool_sup": {:hex, :pool_sup, "0.3.0", "85b7ad07f5d6417b9d3304c2e8a9a7c16a2059957565df8752d415b58d79d365", [:mix], [{:croma, "~> 0.4", [hex: :croma, optional: false]}]},
  "providers": {:hex, :providers, "1.6.0", "db0e2f9043ae60c0155205fcd238d68516331d0e5146155e33d1e79dc452964a", [:rebar3], [{:getopt, "0.8.2", [hex: :getopt, optional: false]}]},
  "raft_fleet": {:hex, :raft_fleet, "0.1.16", "070764122d368f9484ae3736a4f16dee0a37118e08cef206fe70cb7c8c5d1ba2", [:mix], [{:croma, "~> 0.4", [hex: :croma, optional: false]}, {:rafted_value, "~> 0.1", [hex: :rafted_value, optional: false]}]},
  "rafted_value": {:hex, :rafted_value, "0.2.0", "a624629770524a87936b66379cf8eef26ae47ba793e7ddcde3318e5e9dd540af", [:mix], [{:croma, "~> 0.6", [hex: :croma, optional: false]}]},
  "ranch": {:git, "https://github.com/ninenines/ranch.git", "a004ad710eddd0c21aaccc30d5633a76b06164b5", [ref: "a004ad710eddd0c21aaccc30d5633a76b06164b5"]},
  "recon": {:hex, :recon, "2.3.2", "4444c879be323b1b133eec5241cb84bd3821ea194c740d75617e106be4744318", [:rebar3], []},
  "relx": {:hex, :relx, "3.21.1", "f989dc520730efd9075e9f4debcb8ba1d7d1e86b018b0bcf45a2eb80270b4ad6", [:rebar3], [{:bbmustache, "1.0.4", [hex: :bbmustache, optional: false]}, {:cf, "0.2.1", [hex: :cf, optional: false]}, {:erlware_commons, "0.21.0", [hex: :erlware_commons, optional: false]}, {:getopt, "0.8.2", [hex: :getopt, optional: false]}, {:providers, "1.6.0", [hex: :providers, optional: false]}]},
  "solomon": {:git, "git@github.com:access-company/solomon.git", "c6147219e60860b593c28362ebe9b829baabaa42", []},
  "ssl_verify_fun": {:hex, :ssl_verify_fun, "1.1.1", "28a4d65b7f59893bc2c7de786dec1e1555bd742d336043fe644ae956c3497fbe", [:make, :rebar], []},
  "syn": {:hex, :syn, "1.6.1", "728a9c521b3815831259a98fdec9c74875612a4d2854e324dd1ec5ad6df4146e", [:rebar3], []},
  "triq": {:git, "https://github.com/triqng/triq.git", "8dfe582451422839a99efb531dc1f618ced09b33", [ref: "8dfe582451422839a99efb531dc1f618ced09b33"]},
  "websocket_client": {:hex, :websocket_client, "1.2.1", "a965ce0be5583c90347400bceca66629e4debd5feb9bd516107e2924bdf39dad", [:rebar3], []}}
